
Microsoft Visual Studio Solution File, Format Version 12.00
# Visual Studio Version 16
VisualStudioVersion = 16.0.31129.286
MinimumVisualStudioVersion = 10.0.40219.1
Project("{9A19103F-16F7-4668-BE54-9A1E7A4F7556}") = "DutchTreat", "DutchTreat.csproj", "{039B4442-7959-4EAD-90C6-60D06D569ADE}"
EndProject
Global
	GlobalSection(SolutionConfigurationPlatforms) = preSolution
		Debug|Any CPU = Debug|Any CPU
		Release|Any CPU = Release|Any CPU
	EndGlobalSection
	GlobalSection(ProjectConfigurationPlatforms) = postSolution
		{039B4442-7959-4EAD-90C6-60D06D569ADE}.Debug|Any CPU.ActiveCfg = Debug|Any CPU
		{039B4442-7959-4EAD-90C6-60D06D569ADE}.Debug|Any CPU.Build.0 = Debug|Any CPU
		{039B4442-7959-4EAD-90C6-60D06D569ADE}.Release|Any CPU.ActiveCfg = Release|Any CPU
		{039B4442-7959-4EAD-90C6-60D06D569ADE}.Release|Any CPU.Build.0 = Release|Any CPU
	EndGlobalSection
	GlobalSection(SolutionProperties) = preSolution
		HideSolutionNode = FALSE
	EndGlobalSection
	GlobalSection(ExtensibilityGlobals) = postSolution
		SolutionGuid = {F5B63483-5EC0-4E5D-B770-6E08341464FF}
	EndGlobalSection
EndGlobal
